
Microsoft Visual Studio Solution File, Format Version 12.00
# Visual Studio Version 17
VisualStudioVersion = 17.5.33516.290
MinimumVisualStudioVersion = 10.0.40219.1
Project("{FAE04EC0-301F-11D3-BF4B-00C04F79EFBC}") = "Pipelines", "src\Pipelines\Pipelines.csproj", "{B94140CD-30E2-4C32-AEC1-1E6E65B06814}"
EndProject
Project("{FAE04EC0-301F-11D3-BF4B-00C04F79EFBC}") = "Pipelines.Tests", "tests\Pipelines.Tests\Pipelines.Tests.csproj", "{B3BA8F23-A902-4298-ABC1-0F32C6D8EAD6}"
EndProject
Project("{FAE04EC0-301F-11D3-BF4B-00C04F79EFBC}") = "Pipelines.Benchmarks", "tests\Pipelines.Benchmarks\Pipelines.Benchmarks.csproj", "{36D7DF6E-7BDB-484E-9530-D578028A5DC3}"
EndProject
Project("{FAE04EC0-301F-11D3-BF4B-00C04F79EFBC}") = "Pipelines.Generators", "src\Pipelines.Generators\Pipelines.Generators.csproj", "{2C6197F2-A87A-4CA8-B605-6BD54F0016B8}"
EndProject
Project("{2150E333-8FDC-42A3-9474-1A3956D46DE8}") = "Tests", "Tests", "{46767E7B-DA07-4511-85DF-C453E4574153}"
EndProject
Project("{FAE04EC0-301F-11D3-BF4B-00C04F79EFBC}") = "Pipelines.Tests.Models", "tests\Pipelines.Tests.Models\Pipelines.Tests.Models.csproj", "{6B8B5AB7-D155-4875-820F-722ADBD75CAE}"
EndProject
Global
	GlobalSection(SolutionConfigurationPlatforms) = preSolution
		Debug|Any CPU = Debug|Any CPU
		Release|Any CPU = Release|Any CPU
	EndGlobalSection
	GlobalSection(ProjectConfigurationPlatforms) = postSolution
		{B94140CD-30E2-4C32-AEC1-1E6E65B06814}.Debug|Any CPU.ActiveCfg = Debug|Any CPU
		{B94140CD-30E2-4C32-AEC1-1E6E65B06814}.Debug|Any CPU.Build.0 = Debug|Any CPU
		{B94140CD-30E2-4C32-AEC1-1E6E65B06814}.Release|Any CPU.ActiveCfg = Release|Any CPU
		{B94140CD-30E2-4C32-AEC1-1E6E65B06814}.Release|Any CPU.Build.0 = Release|Any CPU
		{B3BA8F23-A902-4298-ABC1-0F32C6D8EAD6}.Debug|Any CPU.ActiveCfg = Debug|Any CPU
		{B3BA8F23-A902-4298-ABC1-0F32C6D8EAD6}.Debug|Any CPU.Build.0 = Debug|Any CPU
		{B3BA8F23-A902-4298-ABC1-0F32C6D8EAD6}.Release|Any CPU.ActiveCfg = Release|Any CPU
		{B3BA8F23-A902-4298-ABC1-0F32C6D8EAD6}.Release|Any CPU.Build.0 = Release|Any CPU
		{36D7DF6E-7BDB-484E-9530-D578028A5DC3}.Debug|Any CPU.ActiveCfg = Debug|Any CPU
		{36D7DF6E-7BDB-484E-9530-D578028A5DC3}.Debug|Any CPU.Build.0 = Debug|Any CPU
		{36D7DF6E-7BDB-484E-9530-D578028A5DC3}.Release|Any CPU.ActiveCfg = Release|Any CPU
		{36D7DF6E-7BDB-484E-9530-D578028A5DC3}.Release|Any CPU.Build.0 = Release|Any CPU
		{2C6197F2-A87A-4CA8-B605-6BD54F0016B8}.Debug|Any CPU.ActiveCfg = Debug|Any CPU
		{2C6197F2-A87A-4CA8-B605-6BD54F0016B8}.Debug|Any CPU.Build.0 = Debug|Any CPU
		{2C6197F2-A87A-4CA8-B605-6BD54F0016B8}.Release|Any CPU.ActiveCfg = Release|Any CPU
		{2C6197F2-A87A-4CA8-B605-6BD54F0016B8}.Release|Any CPU.Build.0 = Release|Any CPU
		{6B8B5AB7-D155-4875-820F-722ADBD75CAE}.Debug|Any CPU.ActiveCfg = Debug|Any CPU
		{6B8B5AB7-D155-4875-820F-722ADBD75CAE}.Debug|Any CPU.Build.0 = Debug|Any CPU
		{6B8B5AB7-D155-4875-820F-722ADBD75CAE}.Release|Any CPU.ActiveCfg = Release|Any CPU
		{6B8B5AB7-D155-4875-820F-722ADBD75CAE}.Release|Any CPU.Build.0 = Release|Any CPU
	EndGlobalSection
	GlobalSection(SolutionProperties) = preSolution
		HideSolutionNode = FALSE
	EndGlobalSection
	GlobalSection(ExtensibilityGlobals) = postSolution
		SolutionGuid = {AE67E3C6-8E88-4BB0-BA4C-028DFBC5F7C1}
	EndGlobalSection
	GlobalSection(NestedProjects) = preSolution
		{B3BA8F23-A902-4298-ABC1-0F32C6D8EAD6} = {46767E7B-DA07-4511-85DF-C453E4574153}
		{36D7DF6E-7BDB-484E-9530-D578028A5DC3} = {46767E7B-DA07-4511-85DF-C453E4574153}
		{6B8B5AB7-D155-4875-820F-722ADBD75CAE} = {46767E7B-DA07-4511-85DF-C453E4574153}
	EndGlobalSection
EndGlobal
